
Microsoft Visual Studio Solution File, Format Version 12.00
# Visual Studio Version 17
VisualStudioVersion = 17.12.35707.178
MinimumVisualStudioVersion = 10.0.40219.1
Project("{FAE04EC0-301F-11D3-BF4B-00C04F79EFBC}") = "AI.Interview.App", "src\App\AI.Interview.App.csproj", "{7DE41698-4367-45AA-80C7-49CE1EAEBE2A}"
EndProject
Project("{2150E333-8FDC-42A3-9474-1A3956D46DE8}") = "ExternalAssemblies", "ExternalAssemblies", "{F0E2E73E-BFD7-4164-8732-DCD7108EA3D8}"
	ProjectSection(SolutionItems) = preProject
		ExternalAssemblies\SolentimHardwareAccessLayer.dll = ExternalAssemblies\SolentimHardwareAccessLayer.dll
	EndProjectSection
EndProject
Project("{2150E333-8FDC-42A3-9474-1A3956D46DE8}") = "SolutionItems", "SolutionItems", "{5E94F8DE-53DA-449F-AB46-6E2950A47F8A}"
	ProjectSection(SolutionItems) = preProject
		.gitignore = .gitignore
		README.md = README.md
	EndProjectSection
EndProject
Project("{FAE04EC0-301F-11D3-BF4B-00C04F79EFBC}") = "AI.Interview.Core", "src\Core\AI.Interview.Core.csproj", "{EDBD867C-F31F-433A-B4B0-3D076321DB03}"
EndProject
Global
	GlobalSection(SolutionConfigurationPlatforms) = preSolution
		Debug|Any CPU = Debug|Any CPU
		Release|Any CPU = Release|Any CPU
	EndGlobalSection
	GlobalSection(ProjectConfigurationPlatforms) = postSolution
		{7DE41698-4367-45AA-80C7-49CE1EAEBE2A}.Debug|Any CPU.ActiveCfg = Debug|Any CPU
		{7DE41698-4367-45AA-80C7-49CE1EAEBE2A}.Debug|Any CPU.Build.0 = Debug|Any CPU
		{7DE41698-4367-45AA-80C7-49CE1EAEBE2A}.Release|Any CPU.ActiveCfg = Release|Any CPU
		{7DE41698-4367-45AA-80C7-49CE1EAEBE2A}.Release|Any CPU.Build.0 = Release|Any CPU
		{EDBD867C-F31F-433A-B4B0-3D076321DB03}.Debug|Any CPU.ActiveCfg = Debug|Any CPU
		{EDBD867C-F31F-433A-B4B0-3D076321DB03}.Debug|Any CPU.Build.0 = Debug|Any CPU
		{EDBD867C-F31F-433A-B4B0-3D076321DB03}.Release|Any CPU.ActiveCfg = Release|Any CPU
		{EDBD867C-F31F-433A-B4B0-3D076321DB03}.Release|Any CPU.Build.0 = Release|Any CPU
	EndGlobalSection
	GlobalSection(SolutionProperties) = preSolution
		HideSolutionNode = FALSE
	EndGlobalSection
	GlobalSection(NestedProjects) = preSolution
		{F0E2E73E-BFD7-4164-8732-DCD7108EA3D8} = {5E94F8DE-53DA-449F-AB46-6E2950A47F8A}
	EndGlobalSection
EndGlobal
